{
    "_readme": [
        "This file locks the dependencies of your project to a known state",
        "Read more about it at https://getcomposer.org/doc/01-basic-usage.md#installing-dependencies",
        "This file is @generated automatically"
    ],
    "content-hash": "14bf25bba6507f1d7eee9351186d00fe",
    "packages": [
        {
            "name": "funnyitselmo/minecraftserverstatus",
            "version": "1.0.0",
            "source": {
                "type": "git",
                "url": "https://github.com/FunnyItsElmo/PHP-Minecraft-Server-Status-Query.git",
                "reference": "71ba574c1a6587340f4ba141fa92ff8595751226"
            },
            "dist": {
                "type": "zip",
                "url": "https://api.github.com/repos/FunnyItsElmo/PHP-Minecraft-Server-Status-Query/zipball/71ba574c1a6587340f4ba141fa92ff8595751226",
                "reference": "71ba574c1a6587340f4ba141fa92ff8595751226",
                "shasum": ""
            },
            "type": "library",
            "autoload": {
                "psr-4": {
                    "MinecraftServerStatus\\": "src/",
                    "MinecraftServerStatus\\Packets\\": "src/Packets/"
                }
            },
            "notification-url": "https://packagist.org/downloads/",
            "license": [
                "BSD"
            ],
            "authors": [
                {
                    "name": "Julian Spravil",
                    "email": "julian.spr@t-online.de"
                }
            ],
            "keywords": [
                "minecraft",
                "server",
                "status"
            ],
            "time": "2016-03-25T20:45:58+00:00"
        },
        {
            "name": "kosinix/grafika",
            "version": "dev-master",
            "source": {
                "type": "git",
                "url": "https://github.com/kosinix/grafika.git",
                "reference": "211f61fc334b8b36616b23e8af7c5727971d96ee"
            },
            "dist": {
                "type": "zip",
                "url": "https://api.github.com/repos/kosinix/grafika/zipball/211f61fc334b8b36616b23e8af7c5727971d96ee",
                "reference": "211f61fc334b8b36616b23e8af7c5727971d96ee",
                "shasum": ""
            },
            "require": {
                "php": ">=5.3"
            },
            "type": "library",
            "autoload": {
                "psr-4": {
                    "Grafika\\": "src/Grafika"
                }
            },
            "notification-url": "https://packagist.org/downloads/",
            "license": [
                "MIT",
                "GPL-2.0+"
            ],
            "authors": [
                {
                    "name": "Nico Amarilla",
                    "homepage": "https://www.kosinix.com"
                }
            ],
            "description": "An image manipulation library for PHP.",
            "homepage": "http://kosinix.github.io/grafika",
            "keywords": [
                "grafika"
            ],
            "time": "2017-06-20T03:13:49+00:00"
        }
    ],
    "packages-dev": [],
    "aliases": [],
    "minimum-stability": "stable",
    "stability-flags": {
        "kosinix/grafika": 20
    },
    "prefer-stable": false,
    "prefer-lowest": false,
    "platform": [],
    "platform-dev": []
}
